
Microsoft Visual Studio Solution File, Format Version 12.00
# Visual Studio 15
VisualStudioVersion = 15.0.27130.2020
MinimumVisualStudioVersion = 10.0.40219.1
Project("{FAE04EC0-301F-11D3-BF4B-00C04F79EFBC}") = "SportsStore.WebUI", "SportsStore.WebUI\SportsStore.WebUI.csproj", "{A7A43839-F230-4B6B-9E8B-29D368F62F2F}"
EndProject
Project("{FAE04EC0-301F-11D3-BF4B-00C04F79EFBC}") = "SportsStore.Domain", "SportsStore.Domain\SportsStore.Domain.csproj", "{DC789E22-2388-4530-8614-2C198FE2DA2F}"
EndProject
Project("{FAE04EC0-301F-11D3-BF4B-00C04F79EFBC}") = "SportsStore.UnitTests", "SportsStore.UnitTests\SportsStore.UnitTests.csproj", "{93BDE7B7-E5EE-465C-AE7A-3845F66B5EE0}"
EndProject
Global
	GlobalSection(SolutionConfigurationPlatforms) = preSolution
		Debug|Any CPU = Debug|Any CPU
		Release|Any CPU = Release|Any CPU
	EndGlobalSection
	GlobalSection(ProjectConfigurationPlatforms) = postSolution
		{A7A43839-F230-4B6B-9E8B-29D368F62F2F}.Debug|Any CPU.ActiveCfg = Debug|Any CPU
		{A7A43839-F230-4B6B-9E8B-29D368F62F2F}.Debug|Any CPU.Build.0 = Debug|Any CPU
		{A7A43839-F230-4B6B-9E8B-29D368F62F2F}.Release|Any CPU.ActiveCfg = Release|Any CPU
		{A7A43839-F230-4B6B-9E8B-29D368F62F2F}.Release|Any CPU.Build.0 = Release|Any CPU
		{DC789E22-2388-4530-8614-2C198FE2DA2F}.Debug|Any CPU.ActiveCfg = Debug|Any CPU
		{DC789E22-2388-4530-8614-2C198FE2DA2F}.Debug|Any CPU.Build.0 = Debug|Any CPU
		{DC789E22-2388-4530-8614-2C198FE2DA2F}.Release|Any CPU.ActiveCfg = Release|Any CPU
		{DC789E22-2388-4530-8614-2C198FE2DA2F}.Release|Any CPU.Build.0 = Release|Any CPU
		{93BDE7B7-E5EE-465C-AE7A-3845F66B5EE0}.Debug|Any CPU.ActiveCfg = Debug|Any CPU
		{93BDE7B7-E5EE-465C-AE7A-3845F66B5EE0}.Debug|Any CPU.Build.0 = Debug|Any CPU
		{93BDE7B7-E5EE-465C-AE7A-3845F66B5EE0}.Release|Any CPU.ActiveCfg = Release|Any CPU
		{93BDE7B7-E5EE-465C-AE7A-3845F66B5EE0}.Release|Any CPU.Build.0 = Release|Any CPU
	EndGlobalSection
	GlobalSection(SolutionProperties) = preSolution
		HideSolutionNode = FALSE
	EndGlobalSection
	GlobalSection(ExtensibilityGlobals) = postSolution
		SolutionGuid = {2752C37D-4447-49E2-B377-6FB7F7756BAB}
	EndGlobalSection
EndGlobal
